
Microsoft Visual Studio Solution File, Format Version 11.00
# Visual Studio 2010
Project("{FAE04EC0-301F-11D3-BF4B-00C04F79EFBC}") = "SurfacePaint", "SurfacePaint\SurfacePaint.csproj", "{5039D8FE-0877-452E-A8D6-3FCF14C7185B}"
EndProject
Global
	GlobalSection(SolutionConfigurationPlatforms) = preSolution
		Debug|Any CPU = Debug|Any CPU
		Release|Any CPU = Release|Any CPU
	EndGlobalSection
	GlobalSection(ProjectConfigurationPlatforms) = postSolution
		{5039D8FE-0877-452E-A8D6-3FCF14C7185B}.Debug|Any CPU.ActiveCfg = Debug|Any CPU
		{5039D8FE-0877-452E-A8D6-3FCF14C7185B}.Debug|Any CPU.Build.0 = Debug|Any CPU
		{5039D8FE-0877-452E-A8D6-3FCF14C7185B}.Release|Any CPU.ActiveCfg = Release|Any CPU
		{5039D8FE-0877-452E-A8D6-3FCF14C7185B}.Release|Any CPU.Build.0 = Release|Any CPU
	EndGlobalSection
	GlobalSection(SolutionProperties) = preSolution
		HideSolutionNode = FALSE
	EndGlobalSection
EndGlobal
